
Microsoft Visual Studio Solution File, Format Version 12.00
# Visual Studio 15
VisualStudioVersion = 15.0.28307.168
MinimumVisualStudioVersion = 10.0.40219.1
Project("{FAE04EC0-301F-11D3-BF4B-00C04F79EFBC}") = "Poc_BDD_Speflow", "Poc_BDD_Speflow\Poc_BDD_Speflow.csproj", "{CC4ED41A-5E1C-4D13-977E-1D137173E9FC}"
EndProject
Global
	GlobalSection(SolutionConfigurationPlatforms) = preSolution
		Debug|Any CPU = Debug|Any CPU
		Release|Any CPU = Release|Any CPU
	EndGlobalSection
	GlobalSection(ProjectConfigurationPlatforms) = postSolution
		{CC4ED41A-5E1C-4D13-977E-1D137173E9FC}.Debug|Any CPU.ActiveCfg = Debug|Any CPU
		{CC4ED41A-5E1C-4D13-977E-1D137173E9FC}.Debug|Any CPU.Build.0 = Debug|Any CPU
		{CC4ED41A-5E1C-4D13-977E-1D137173E9FC}.Release|Any CPU.ActiveCfg = Release|Any CPU
		{CC4ED41A-5E1C-4D13-977E-1D137173E9FC}.Release|Any CPU.Build.0 = Release|Any CPU
	EndGlobalSection
	GlobalSection(SolutionProperties) = preSolution
		HideSolutionNode = FALSE
	EndGlobalSection
	GlobalSection(ExtensibilityGlobals) = postSolution
		SolutionGuid = {FCB11CC4-924E-4474-9352-CFC773DCF6CC}
	EndGlobalSection
EndGlobal
